// !$*UTF8*$!
{
	archiveVersion = 1;
	classes = {
	};
	objectVersion = 46;
	objects = {

/* Begin PBXBuildFile section */
		3E3713801EA9DEBD00D118AD /* main.m in Sources */ = {isa = PBXBuildFile; fileRef = 3E37137F1EA9DEBD00D118AD /* main.m */; };
		3E3713831EA9DEBD00D118AD /* AppDelegate.m in Sources */ = {isa = PBXBuildFile; fileRef = 3E3713821EA9DEBD00D118AD /* AppDelegate.m */; };
		3E3713861EA9DEBD00D118AD /* ViewController.m in Sources */ = {isa = PBXBuildFile; fileRef = 3E3713851EA9DEBD00D118AD /* ViewController.m */; };
		3E3713891EA9DEBD00D118AD /* Main.storyboard in Resources */ = {isa = PBXBuildFile; fileRef = 3E3713871EA9DEBD00D118AD /* Main.storyboard */; };
		3E37138B1EA9DEBD00D118AD /* Assets.xcassets in Resources */ = {isa = PBXBuildFile; fileRef = 3E37138A1EA9DEBD00D118AD /* Assets.xcassets */; };
		3E37138E1EA9DEBD00D118AD /* LaunchScreen.storyboard in Resources */ = {isa = PBXBuildFile; fileRef = 3E37138C1EA9DEBD00D118AD /* LaunchScreen.storyboard */; };
		3E3713961EA9DFD300D118AD /* huaban.jpeg in Resources */ = {isa = PBXBuildFile; fileRef = 3E3713951EA9DFD200D118AD /* huaban.jpeg */; };
/* End PBXBuildFile section */

/* Begin PBXFileReference section */
		3E37137B1EA9DEBD00D118AD /* UIViewToUIImageDemo.app */ = {isa = PBXFileReference; explicitFileType = wrapper.application; includeInIndex = 0; path = UIViewToUIImageDemo.app; sourceTree = BUILT_PRODUCTS_DIR; };
		3E37137F1EA9DEBD00D118AD /* main.m */ = {isa = PBXFileReference; lastKnownFileType = sourcecode.c.objc; path = main.m; sourceTree = "<group>"; };
		3E3713811EA9DEBD00D118AD /* AppDelegate.h */ = {isa = PBXFileReference; lastKnownFileType = sourcecode.c.h; path = AppDelegate.h; sourceTree = "<group>"; };
		3E3713821EA9DEBD00D118AD /* AppDelegate.m */ = {isa = PBXFileReference; lastKnownFileType = sourcecode.c.objc; path = AppDelegate.m; sourceTree = "<group>"; };
		3E3713841EA9DEBD00D118AD /* ViewController.h */ = {isa = PBXFileReference; lastKnownFileType = sourcecode.c.h; path = ViewController.h; sourceTree = "<group>"; };
		3E3713851EA9DEBD00D118AD /* ViewController.m */ = {isa = PBXFileReference; lastKnownFileType = sourcecode.c.objc; path = ViewController.m; sourceTree = "<group>"; };
		3E3713881EA9DEBD00D118AD /* Base */ = {isa = PBXFileReference; lastKnownFileType = file.storyboard; name = Base; path = Base.lproj/Main.storyboard; sourceTree = "<group>"; };
		3E37138A1EA9DEBD00D118AD /* Assets.xcassets */ = {isa = PBXFileReference; lastKnownFileType = folder.assetcatalog; path = Assets.xcassets; sourceTree = "<group>"; };
		3E37138D1EA9DEBD00D118AD /* Base */ = {isa = PBXFileReference; lastKnownFileType = file.storyboard; name = Base; path = Base.lproj/LaunchScreen.storyboard; sourceTree = "<group>"; };
		3E37138F1EA9DEBD00D118AD /* Info.plist */ = {isa = PBXFileReference; lastKnownFileType = text.plist.xml; path = Info.plist; sourceTree = "<group>"; };
		3E3713951EA9DFD200D118AD /* huaban.jpeg */ = {isa = PBXFileReference; lastKnownFileType = image.jpeg; path = huaban.jpeg; sourceTree = "<group>"; };
/* End PBXFileReference section */

/* Begin PBXFrameworksBuildPhase section */
		3E3713781EA9DEBD00D118AD /* Frameworks */ = {
			isa = PBXFrameworksBuildPhase;
			buildActionMask = 2147483647;
			files = (
			);
			runOnlyForDeploymentPostprocessing = 0;
		};
/* End PBXFrameworksBuildPhase section */

/* Begin PBXGroup section */
		3E3713721EA9DEBD00D118AD = {
			isa = PBXGroup;
			children = (
				3E37137D1EA9DEBD00D118AD /* UIViewToUIImageDemo */,
				3E37137C1EA9DEBD00D118AD /* Products */,
			);
			sourceTree = "<group>";
		};
		3E37137C1EA9DEBD00D118AD /* Products */ = {
			isa = PBXGroup;
			children = (
				3E37137B1EA9DEBD00D118AD /* UIViewToUIImageDemo.app */,
			);
			name = Products;
			sourceTree = "<group>";
		};
		3E37137D1EA9DEBD00D118AD /* UIViewToUIImageDemo */ = {
			isa = PBXGroup;
			children = (
				3E3713811EA9DEBD00D118AD /* AppDelegate.h */,
				3E3713821EA9DEBD00D118AD /* AppDelegate.m */,
				3E3713841EA9DEBD00D118AD /* ViewController.h */,
				3E3713851EA9DEBD00D118AD /* ViewController.m */,
				3E3713951EA9DFD200D118AD /* huaban.jpeg */,
				3E3713871EA9DEBD00D118AD /* Main.storyboard */,
				3E37138A1EA9DEBD00D118AD /* Assets.xcassets */,
				3E37138C1EA9DEBD00D118AD /* LaunchScreen.storyboard */,
				3E37138F1EA9DEBD00D118AD /* Info.plist */,
				3E37137E1EA9DEBD00D118AD /* Supporting Files */,
			);
			path = UIViewToUIImageDemo;
			sourceTree = "<group>";
		};
		3E37137E1EA9DEBD00D118AD /* Supporting Files */ = {
			isa = PBXGroup;
			children = (
				3E37137F1EA9DEBD00D118AD /* main.m */,
			);
			name = "Supporting Files";
			sourceTree = "<group>";
		};
/* End PBXGroup section */

/* Begin PBXNativeTarget section */
		3E37137A1EA9DEBD00D118AD /* UIViewToUIImageDemo */ = {
			isa = PBXNativeTarget;
			buildConfigurationList = 3E3713921EA9DEBD00D118AD /* Build configuration list for PBXNativeTarget "UIViewToUIImageDemo" */;
			buildPhases = (
				3E3713771EA9DEBD00D118AD /* Sources */,
				3E3713781EA9DEBD00D118AD /* Frameworks */,
				3E3713791EA9DEBD00D118AD /* Resources */,
			);
			buildRules = (
			);
			dependencies = (
			);
			name = UIViewToUIImageDemo;
			productName = UIViewToUIImageDemo;
			productReference = 3E37137B1EA9DEBD00D118AD /* UIViewToUIImageDemo.app */;
			productType = "com.apple.product-type.application";
		};
/* End PBXNativeTarget section */

/* Begin PBXProject section */
		3E3713731EA9DEBD00D118AD /* Project object */ = {
			isa = PBXProject;
			attributes = {
				LastUpgradeCheck = 0830;
				ORGANIZATIONNAME = zhangdinghao;
				TargetAttributes = {
					3E37137A1EA9DEBD00D118AD = {
						CreatedOnToolsVersion = 8.3.2;
						DevelopmentTeam = PRKPCBLSYK;
						ProvisioningStyle = Automatic;
					};
				};
			};
			buildConfigurationList = 3E3713761EA9DEBD00D118AD /* Build configuration list for PBXProject "UIViewToUIImageDemo" */;
			compatibilityVersion = "Xcode 3.2";
			developmentRegion = English;
			hasScannedForEncodings = 0;
			knownRegions = (
				en,
				Base,
			);
			mainGroup = 3E3713721EA9DEBD00D118AD;
			productRefGroup = 3E37137C1EA9DEBD00D118AD /* Products */;
			projectDirPath = "";
			projectRoot = "";
			targets = (
				3E37137A1EA9DEBD00D118AD /* UIViewToUIImageDemo */,
			);
		};
/* End PBXProject section */

/* Begin PBXResourcesBuildPhase section */
		3E3713791EA9DEBD00D118AD /* Resources */ = {
			isa = PBXResourcesBuildPhase;
			buildActionMask = 2147483647;
			files = (
				3E37138E1EA9DEBD00D118AD /* LaunchScreen.storyboard in Resources */,
				3E37138B1EA9DEBD00D118AD /* Assets.xcassets in Resources */,
				3E3713961EA9DFD300D118AD /* huaban.jpeg in Resources */,
				3E3713891EA9DEBD00D118AD /* Main.storyboard in Resources */,
			);
			runOnlyForDeploymentPostprocessing = 0;
		};
/* End PBXResourcesBuildPhase section */

/* Begin PBXSourcesBuildPhase section */
		3E3713771EA9DEBD00D118AD /* Sources */ = {
			isa = PBXSourcesBuildPhase;
			buildActionMask = 2147483647;
			files = (
				3E3713861EA9DEBD00D118AD /* ViewController.m in Sources */,
				3E3713831EA9DEBD00D118AD /* AppDelegate.m in Sources */,
				3E3713801EA9DEBD00D118AD /* main.m in Sources */,
			);
			runOnlyForDeploymentPostprocessing = 0;
		};
/* End PBXSourcesBuildPhase section */

/* Begin PBXVariantGroup section */
		3E3713871EA9DEBD00D118AD /* Main.storyboard */ = {
			isa = PBXVariantGroup;
			children = (
				3E3713881EA9DEBD00D118AD /* Base */,
			);
			name = Main.storyboard;
			sourceTree = "<group>";
		};
		3E37138C1EA9DEBD00D118AD /* LaunchScreen.storyboard */ = {
			isa = PBXVariantGroup;
			children = (
				3E37138D1EA9DEBD00D118AD /* Base */,
			);
			name = LaunchScreen.storyboard;
			sourceTree = "<group>";
		};
/* End PBXVariantGroup section */

/* Begin XCBuildConfiguration section */
		3E3713901EA9DEBD00D118AD /* Debug */ = {
			isa = XCBuildConfiguration;
			buildSettings = {
				ALWAYS_SEARCH_USER_PATHS = NO;
				CLANG_ANALYZER_NONNULL = YES;
				CLANG_ANALYZER_NUMBER_OBJECT_CONVERSION = YES_AGGRESSIVE;
				CLANG_CXX_LANGUAGE_STANDARD = "gnu++0x";
				CLANG_CXX_LIBRARY = "libc++";
				CLANG_ENABLE_MODULES = YES;
				CLANG_ENABLE_OBJC_ARC = YES;
				CLANG_WARN_BOOL_CONVERSION = YES;
				CLANG_WARN_CONSTANT_CONVERSION = YES;
				CLANG_WARN_DIRECT_OBJC_ISA_USAGE = YES_ERROR;
				CLANG_WARN_DOCUMENTATION_COMMENTS = YES;
				CLANG_WARN_EMPTY_BODY = YES;
				CLANG_WARN_ENUM_CONVERSION = YES;
				CLANG_WARN_INFINITE_RECURSION = YES;
				CLANG_WARN_INT_CONVERSION = YES;
				CLANG_WARN_OBJC_ROOT_CLASS = YES_ERROR;
				CLANG_WARN_SUSPICIOUS_MOVE = YES;
				CLANG_WARN_UNREACHABLE_CODE = YES;
				CLANG_WARN__DUPLICATE_METHOD_MATCH = YES;
				"CODE_SIGN_IDENTITY[sdk=iphoneos*]" = "iPhone Developer";
				COPY_PHASE_STRIP = NO;
				DEBUG_INFORMATION_FORMAT = dwarf;
				ENABLE_STRICT_OBJC_MSGSEND = YES;
				ENABLE_TESTABILITY = YES;
				GCC_C_LANGUAGE_STANDARD = gnu99;
				GCC_DYNAMIC_NO_PIC = NO;
				GCC_NO_COMMON_BLOCKS = YES;
				GCC_OPTIMIZATION_LEVEL = 0;
				GCC_PREPROCESSOR_DEFINITIONS = (
					"DEBUG=1",
					"$(inherited)",
				);
				GCC_WARN_64_TO_32_BIT_CONVERSION = YES;
				GCC_WARN_ABOUT_RETURN_TYPE = YES_ERROR;
				GCC_WARN_UNDECLARED_SELECTOR = YES;
				GCC_WARN_UNINITIALIZED_AUTOS = YES_AGGRESSIVE;
				GCC_WARN_UNUSED_FUNCTION = YES;
				GCC_WARN_UNUSED_VARIABLE = YES;
				IPHONEOS_DEPLOYMENT_TARGET = 10.3;
				MTL_ENABLE_DEBUG_INFO = YES;
				ONLY_ACTIVE_ARCH = YES;
				SDKROOT = iphoneos;
			};
			name = Debug;
		};
		3E3713911EA9DEBD00D118AD /* Release */ = {
			isa = XCBuildConfiguration;
			buildSettings = {
				ALWAYS_SEARCH_USER_PATHS = NO;
				CLANG_ANALYZER_NONNULL = YES;
				CLANG_ANALYZER_NUMBER_OBJECT_CONVERSION = YES_AGGRESSIVE;
				CLANG_CXX_LANGUAGE_STANDARD = "gnu++0x";
				CLANG_CXX_LIBRARY = "libc++";
				CLANG_ENABLE_MODULES = YES;
				CLANG_ENABLE_OBJC_ARC = YES;
				CLANG_WARN_BOOL_CONVERSION = YES;
				CLANG_WARN_CONSTANT_CONVERSION = YES;
				CLANG_WARN_DIRECT_OBJC_ISA_USAGE = YES_ERROR;
				CLANG_WARN_DOCUMENTATION_COMMENTS = YES;
				CLANG_WARN_EMPTY_BODY = YES;
				CLANG_WARN_ENUM_CONVERSION = YES;
				CLANG_WARN_INFINITE_RECURSION = YES;
				CLANG_WARN_INT_CONVERSION = YES;
				CLANG_WARN_OBJC_ROOT_CLASS = YES_ERROR;
				CLANG_WARN_SUSPICIOUS_MOVE = YES;
				CLANG_WARN_UNREACHABLE_CODE = YES;
				CLANG_WARN__DUPLICATE_METHOD_MATCH = YES;
				"CODE_SIGN_IDENTITY[sdk=iphoneos*]" = "iPhone Developer";
				COPY_PHASE_STRIP = NO;
				DEBUG_INFORMATION_FORMAT = "dwarf-with-dsym";
				ENABLE_NS_ASSERTIONS = NO;
				ENABLE_STRICT_OBJC_MSGSEND = YES;
				GCC_C_LANGUAGE_STANDARD = gnu99;
				GCC_NO_COMMON_BLOCKS = YES;
				GCC_WARN_64_TO_32_BIT_CONVERSION = YES;
				GCC_WARN_ABOUT_RETURN_TYPE = YES_ERROR;
				GCC_WARN_UNDECLARED_SELECTOR = YES;
				GCC_WARN_UNINITIALIZED_AUTOS = YES_AGGRESSIVE;
				GCC_WARN_UNUSED_FUNCTION = YES;
				GCC_WARN_UNUSED_VARIABLE = YES;
				IPHONEOS_DEPLOYMENT_TARGET = 10.3;
				MTL_ENABLE_DEBUG_INFO = NO;
				SDKROOT = iphoneos;
				VALIDATE_PRODUCT = YES;
			};
			name = Release;
		};
		3E3713931EA9DEBD00D118AD /* Debug */ = {
			isa = XCBuildConfiguration;
			buildSettings = {
				ASSETCATALOG_COMPILER_APPICON_NAME = AppIcon;
				DEVELOPMENT_TEAM = PRKPCBLSYK;
				INFOPLIST_FILE = UIViewToUIImageDemo/Info.plist;
				IPHONEOS_DEPLOYMENT_TARGET = 8.0;
				LD_RUNPATH_SEARCH_PATHS = "$(inherited) @executable_path/Frameworks";
				PRODUCT_BUNDLE_IDENTIFIER = com.zhangdinghao.UIViewToUIImageDemo;
				PRODUCT_NAME = "$(TARGET_NAME)";
			};
			name = Debug;
		};
		3E3713941EA9DEBD00D118AD /* Release */ = {
			isa = XCBuildConfiguration;
			buildSettings = {
				ASSETCATALOG_COMPILER_APPICON_NAME = AppIcon;
				DEVELOPMENT_TEAM = PRKPCBLSYK;
				INFOPLIST_FILE = UIViewToUIImageDemo/Info.plist;
				IPHONEOS_DEPLOYMENT_TARGET = 8.0;
				LD_RUNPATH_SEARCH_PATHS = "$(inherited) @executable_path/Frameworks";
				PRODUCT_BUNDLE_IDENTIFIER = com.zhangdinghao.UIViewToUIImageDemo;
				PRODUCT_NAME = "$(TARGET_NAME)";
			};
			name = Release;
		};
/* End XCBuildConfiguration section */

/* Begin XCConfigurationList section */
		3E3713761EA9DEBD00D118AD /* Build configuration list for PBXProject "UIViewToUIImageDemo" */ = {
			isa = XCConfigurationList;
			buildConfigurations = (
				3E3713901EA9DEBD00D118AD /* Debug */,
				3E3713911EA9DEBD00D118AD /* Release */,
			);
			defaultConfigurationIsVisible = 0;
			defaultConfigurationName = Release;
		};
		3E3713921EA9DEBD00D118AD /* Build configuration list for PBXNativeTarget "UIViewToUIImageDemo" */ = {
			isa = XCConfigurationList;
			buildConfigurations = (
				3E3713931EA9DEBD00D118AD /* Debug */,
				3E3713941EA9DEBD00D118AD /* Release */,
			);
			defaultConfigurationIsVisible = 0;
		};
/* End XCConfigurationList section */
	};
	rootObject = 3E3713731EA9DEBD00D118AD /* Project object */;
}
